// !$*UTF8*$!
{
	archiveVersion = 1;
	classes = {
	};
	objectVersion = 56;
	objects = {

/* Begin PBXBuildFile section */
		63021EB42929DCFF00B8AB26 /* AppDelegate.swift in Sources */ = {isa = PBXBuildFile; fileRef = 63021EB32929DCFF00B8AB26 /* AppDelegate.swift */; };
		63021EB62929DCFF00B8AB26 /* SceneDelegate.swift in Sources */ = {isa = PBXBuildFile; fileRef = 63021EB52929DCFF00B8AB26 /* SceneDelegate.swift */; };
		63021EBB2929DCFF00B8AB26 /* Main.storyboard in Resources */ = {isa = PBXBuildFile; fileRef = 63021EB92929DCFF00B8AB26 /* Main.storyboard */; };
		63021EBD2929DD0100B8AB26 /* Assets.xcassets in Resources */ = {isa = PBXBuildFile; fileRef = 63021EBC2929DD0100B8AB26 /* Assets.xcassets */; };
		63021EC02929DD0100B8AB26 /* LaunchScreen.storyboard in Resources */ = {isa = PBXBuildFile; fileRef = 63021EBE2929DD0100B8AB26 /* LaunchScreen.storyboard */; };
		63021EC92929E25300B8AB26 /* MainCollectionViewCell.swift in Sources */ = {isa = PBXBuildFile; fileRef = 63021EC82929E25300B8AB26 /* MainCollectionViewCell.swift */; };
		63021ECB2929E27100B8AB26 /* MainViewController.swift in Sources */ = {isa = PBXBuildFile; fileRef = 63021ECA2929E27100B8AB26 /* MainViewController.swift */; };
		63021ECE292A108700B8AB26 /* SoupViewController.swift in Sources */ = {isa = PBXBuildFile; fileRef = 63021ECD292A108700B8AB26 /* SoupViewController.swift */; };
		63021ED0292A109B00B8AB26 /* Soup.storyboard in Resources */ = {isa = PBXBuildFile; fileRef = 63021ECF292A109B00B8AB26 /* Soup.storyboard */; };
		63021ED3292A11F700B8AB26 /* SteamedViewController.swift in Sources */ = {isa = PBXBuildFile; fileRef = 63021ED2292A11F700B8AB26 /* SteamedViewController.swift */; };
		63021ED5292A120200B8AB26 /* Steamed.storyboard in Resources */ = {isa = PBXBuildFile; fileRef = 63021ED4292A120200B8AB26 /* Steamed.storyboard */; };
		63021ED8292A156A00B8AB26 /* SoupTableViewCell.swift in Sources */ = {isa = PBXBuildFile; fileRef = 63021ED7292A156A00B8AB26 /* SoupTableViewCell.swift */; };
		63021EDD292A228C00B8AB26 /* KimchiStewViewController.swift in Sources */ = {isa = PBXBuildFile; fileRef = 63021EDC292A228C00B8AB26 /* KimchiStewViewController.swift */; };
		63021EE0292B861300B8AB26 /* MisoStewViewController.swift in Sources */ = {isa = PBXBuildFile; fileRef = 63021EDF292B861300B8AB26 /* MisoStewViewController.swift */; };
		63021EE2292B889A00B8AB26 /* Kimchi.storyboard in Resources */ = {isa = PBXBuildFile; fileRef = 63021EE1292B889A00B8AB26 /* Kimchi.storyboard */; };
		63021EE4292B89BF00B8AB26 /* Miso.storyboard in Resources */ = {isa = PBXBuildFile; fileRef = 63021EE3292B89BF00B8AB26 /* Miso.storyboard */; };
		63021EE7292BA41500B8AB26 /* FirstExplanationCell.swift in Sources */ = {isa = PBXBuildFile; fileRef = 63021EE6292BA41500B8AB26 /* FirstExplanationCell.swift */; };
		63021EF6292BC7CD00B8AB26 /* MisoTableViewCell.swift in Sources */ = {isa = PBXBuildFile; fileRef = 63021EF5292BC7CD00B8AB26 /* MisoTableViewCell.swift */; };
		63021EF9292BCE6000B8AB26 /* SoftTofuTableViewCell.swift in Sources */ = {isa = PBXBuildFile; fileRef = 63021EF8292BCE6000B8AB26 /* SoftTofuTableViewCell.swift */; };
		63021EFB292BCE7600B8AB26 /* SoftTofuViewController.swift in Sources */ = {isa = PBXBuildFile; fileRef = 63021EFA292BCE7600B8AB26 /* SoftTofuViewController.swift */; };
		63021EFD292BCE8100B8AB26 /* SoftTofu.storyboard in Resources */ = {isa = PBXBuildFile; fileRef = 63021EFC292BCE8100B8AB26 /* SoftTofu.storyboard */; };
		63021F06292C8D5C00B8AB26 /* BeanSproutsViewController.swift in Sources */ = {isa = PBXBuildFile; fileRef = 63021F05292C8D5C00B8AB26 /* BeanSproutsViewController.swift */; };
		63021F0C292C8D9900B8AB26 /* BeanSprouts.storyboard in Resources */ = {isa = PBXBuildFile; fileRef = 63021F0B292C8D9900B8AB26 /* BeanSprouts.storyboard */; };
		63021F0E292C8DB600B8AB26 /* SeaweedTableViewCell.swift in Sources */ = {isa = PBXBuildFile; fileRef = 63021F0D292C8DB600B8AB26 /* SeaweedTableViewCell.swift */; };
		63021F10292C8E9400B8AB26 /* BeanSproutsTableViewCell.swift in Sources */ = {isa = PBXBuildFile; fileRef = 63021F0F292C8E9400B8AB26 /* BeanSproutsTableViewCell.swift */; };
		63021F14292C8FB700B8AB26 /* Seaweed.storyboard in Resources */ = {isa = PBXBuildFile; fileRef = 63021F13292C8FB700B8AB26 /* Seaweed.storyboard */; };
		63021F16292C904900B8AB26 /* SeaweedViewController.swift in Sources */ = {isa = PBXBuildFile; fileRef = 63021F15292C904900B8AB26 /* SeaweedViewController.swift */; };
		63021F18292CA7D200B8AB26 /* SteamedCollectionViewCell.swift in Sources */ = {isa = PBXBuildFile; fileRef = 63021F17292CA7D200B8AB26 /* SteamedCollectionViewCell.swift */; };
/* End PBXBuildFile section */

/* Begin PBXFileReference section */
		63021EB02929DCFF00B8AB26 /* hemgRecipe.app */ = {isa = PBXFileReference; explicitFileType = wrapper.application; includeInIndex = 0; path = hemgRecipe.app; sourceTree = BUILT_PRODUCTS_DIR; };
		63021EB32929DCFF00B8AB26 /* AppDelegate.swift */ = {isa = PBXFileReference; lastKnownFileType = sourcecode.swift; path = AppDelegate.swift; sourceTree = "<group>"; };
		63021EB52929DCFF00B8AB26 /* SceneDelegate.swift */ = {isa = PBXFileReference; lastKnownFileType = sourcecode.swift; path = SceneDelegate.swift; sourceTree = "<group>"; };
		63021EBA2929DCFF00B8AB26 /* Base */ = {isa = PBXFileReference; lastKnownFileType = file.storyboard; name = Base; path = Base.lproj/Main.storyboard; sourceTree = "<group>"; };
		63021EBC2929DD0100B8AB26 /* Assets.xcassets */ = {isa = PBXFileReference; lastKnownFileType = folder.assetcatalog; path = Assets.xcassets; sourceTree = "<group>"; };
		63021EBF2929DD0100B8AB26 /* Base */ = {isa = PBXFileReference; lastKnownFileType = file.storyboard; name = Base; path = Base.lproj/LaunchScreen.storyboard; sourceTree = "<group>"; };
		63021EC12929DD0100B8AB26 /* Info.plist */ = {isa = PBXFileReference; lastKnownFileType = text.plist.xml; path = Info.plist; sourceTree = "<group>"; };
		63021EC82929E25300B8AB26 /* MainCollectionViewCell.swift */ = {isa = PBXFileReference; lastKnownFileType = sourcecode.swift; path = MainCollectionViewCell.swift; sourceTree = "<group>"; };
		63021ECA2929E27100B8AB26 /* MainViewController.swift */ = {isa = PBXFileReference; lastKnownFileType = sourcecode.swift; path = MainViewController.swift; sourceTree = "<group>"; };
		63021ECD292A108700B8AB26 /* SoupViewController.swift */ = {isa = PBXFileReference; lastKnownFileType = sourcecode.swift; path = SoupViewController.swift; sourceTree = "<group>"; };
		63021ECF292A109B00B8AB26 /* Soup.storyboard */ = {isa = PBXFileReference; lastKnownFileType = file.storyboard; path = Soup.storyboard; sourceTree = "<group>"; };
		63021ED2292A11F700B8AB26 /* SteamedViewController.swift */ = {isa = PBXFileReference; lastKnownFileType = sourcecode.swift; path = SteamedViewController.swift; sourceTree = "<group>"; };
		63021ED4292A120200B8AB26 /* Steamed.storyboard */ = {isa = PBXFileReference; lastKnownFileType = file.storyboard; path = Steamed.storyboard; sourceTree = "<group>"; };
		63021ED7292A156A00B8AB26 /* SoupTableViewCell.swift */ = {isa = PBXFileReference; lastKnownFileType = sourcecode.swift; path = SoupTableViewCell.swift; sourceTree = "<group>"; };
		63021EDC292A228C00B8AB26 /* KimchiStewViewController.swift */ = {isa = PBXFileReference; lastKnownFileType = sourcecode.swift; path = KimchiStewViewController.swift; sourceTree = "<group>"; };
		63021EDF292B861300B8AB26 /* MisoStewViewController.swift */ = {isa = PBXFileReference; lastKnownFileType = sourcecode.swift; path = MisoStewViewController.swift; sourceTree = "<group>"; };
		63021EE1292B889A00B8AB26 /* Kimchi.storyboard */ = {isa = PBXFileReference; lastKnownFileType = file.storyboard; path = Kimchi.storyboard; sourceTree = "<group>"; };
		63021EE3292B89BF00B8AB26 /* Miso.storyboard */ = {isa = PBXFileReference; lastKnownFileType = file.storyboard; path = Miso.storyboard; sourceTree = "<group>"; };
		63021EE6292BA41500B8AB26 /* FirstExplanationCell.swift */ = {isa = PBXFileReference; lastKnownFileType = sourcecode.swift; path = FirstExplanationCell.swift; sourceTree = "<group>"; };
		63021EF5292BC7CD00B8AB26 /* MisoTableViewCell.swift */ = {isa = PBXFileReference; lastKnownFileType = sourcecode.swift; path = MisoTableViewCell.swift; sourceTree = "<group>"; };
		63021EF8292BCE6000B8AB26 /* SoftTofuTableViewCell.swift */ = {isa = PBXFileReference; lastKnownFileType = sourcecode.swift; path = SoftTofuTableViewCell.swift; sourceTree = "<group>"; };
		63021EFA292BCE7600B8AB26 /* SoftTofuViewController.swift */ = {isa = PBXFileReference; lastKnownFileType = sourcecode.swift; path = SoftTofuViewController.swift; sourceTree = "<group>"; };
		63021EFC292BCE8100B8AB26 /* SoftTofu.storyboard */ = {isa = PBXFileReference; lastKnownFileType = file.storyboard; path = SoftTofu.storyboard; sourceTree = "<group>"; };
		63021F05292C8D5C00B8AB26 /* BeanSproutsViewController.swift */ = {isa = PBXFileReference; lastKnownFileType = sourcecode.swift; path = BeanSproutsViewController.swift; sourceTree = "<group>"; };
		63021F0B292C8D9900B8AB26 /* BeanSprouts.storyboard */ = {isa = PBXFileReference; lastKnownFileType = file.storyboard; path = BeanSprouts.storyboard; sourceTree = "<group>"; };
		63021F0D292C8DB600B8AB26 /* SeaweedTableViewCell.swift */ = {isa = PBXFileReference; lastKnownFileType = sourcecode.swift; path = SeaweedTableViewCell.swift; sourceTree = "<group>"; };
		63021F0F292C8E9400B8AB26 /* BeanSproutsTableViewCell.swift */ = {isa = PBXFileReference; lastKnownFileType = sourcecode.swift; path = BeanSproutsTableViewCell.swift; sourceTree = "<group>"; };
		63021F13292C8FB700B8AB26 /* Seaweed.storyboard */ = {isa = PBXFileReference; lastKnownFileType = file.storyboard; path = Seaweed.storyboard; sourceTree = "<group>"; };
		63021F15292C904900B8AB26 /* SeaweedViewController.swift */ = {isa = PBXFileReference; lastKnownFileType = sourcecode.swift; path = SeaweedViewController.swift; sourceTree = "<group>"; };
		63021F17292CA7D200B8AB26 /* SteamedCollectionViewCell.swift */ = {isa = PBXFileReference; lastKnownFileType = sourcecode.swift; path = SteamedCollectionViewCell.swift; sourceTree = "<group>"; };
/* End PBXFileReference section */

/* Begin PBXFrameworksBuildPhase section */
		63021EAD2929DCFF00B8AB26 /* Frameworks */ = {
			isa = PBXFrameworksBuildPhase;
			buildActionMask = 2147483647;
			files = (
			);
			runOnlyForDeploymentPostprocessing = 0;
		};
/* End PBXFrameworksBuildPhase section */

/* Begin PBXGroup section */
		63021EA72929DCFF00B8AB26 = {
			isa = PBXGroup;
			children = (
				63021EB22929DCFF00B8AB26 /* hemgRecipe */,
				63021EB12929DCFF00B8AB26 /* Products */,
			);
			sourceTree = "<group>";
		};
		63021EB12929DCFF00B8AB26 /* Products */ = {
			isa = PBXGroup;
			children = (
				63021EB02929DCFF00B8AB26 /* hemgRecipe.app */,
			);
			name = Products;
			sourceTree = "<group>";
		};
		63021EB22929DCFF00B8AB26 /* hemgRecipe */ = {
			isa = PBXGroup;
			children = (
				63021EC72929E23300B8AB26 /* Main */,
				63021EB32929DCFF00B8AB26 /* AppDelegate.swift */,
				63021EB52929DCFF00B8AB26 /* SceneDelegate.swift */,
				63021EBC2929DD0100B8AB26 /* Assets.xcassets */,
				63021EBE2929DD0100B8AB26 /* LaunchScreen.storyboard */,
				63021EC12929DD0100B8AB26 /* Info.plist */,
			);
			path = hemgRecipe;
			sourceTree = "<group>";
		};
		63021EC72929E23300B8AB26 /* Main */ = {
			isa = PBXGroup;
			children = (
				63021F1A292CB0F600B8AB26 /* MainView */,
				63021ED1292A11A500B8AB26 /* Steamed */,
				63021ECC292A107000B8AB26 /* Soup */,
			);
			path = Main;
			sourceTree = "<group>";
		};
		63021ECC292A107000B8AB26 /* Soup */ = {
			isa = PBXGroup;
			children = (
				63021ED6292A154A00B8AB26 /* MianSoup */,
				63021EFF292C8CBC00B8AB26 /* BeanSprouts */,
				63021EFE292C8CA600B8AB26 /* BeefSeaweed */,
				63021EF7292BCE4700B8AB26 /* SoftTofu */,
				63021EEC292BAB7500B8AB26 /* Miso */,
				63021EDB292A225700B8AB26 /* KimchiStew */,
			);
			path = Soup;
			sourceTree = "<group>";
		};
		63021ED1292A11A500B8AB26 /* Steamed */ = {
			isa = PBXGroup;
			children = (
				63021F17292CA7D200B8AB26 /* SteamedCollectionViewCell.swift */,
				63021ED2292A11F700B8AB26 /* SteamedViewController.swift */,
				63021ED4292A120200B8AB26 /* Steamed.storyboard */,
			);
			name = Steamed;
			path = "찜";
			sourceTree = "<group>";
		};
		63021ED6292A154A00B8AB26 /* MianSoup */ = {
			isa = PBXGroup;
			children = (
				63021ECD292A108700B8AB26 /* SoupViewController.swift */,
				63021ED7292A156A00B8AB26 /* SoupTableViewCell.swift */,
				63021ECF292A109B00B8AB26 /* Soup.storyboard */,
			);
			path = MianSoup;
			sourceTree = "<group>";
		};
		63021EDB292A225700B8AB26 /* KimchiStew */ = {
			isa = PBXGroup;
			children = (
				63021EE6292BA41500B8AB26 /* FirstExplanationCell.swift */,
				63021EDC292A228C00B8AB26 /* KimchiStewViewController.swift */,
				63021EE1292B889A00B8AB26 /* Kimchi.storyboard */,
			);
			path = KimchiStew;
			sourceTree = "<group>";
		};
		63021EEC292BAB7500B8AB26 /* Miso */ = {
			isa = PBXGroup;
			children = (
				63021EF5292BC7CD00B8AB26 /* MisoTableViewCell.swift */,
				63021EDF292B861300B8AB26 /* MisoStewViewController.swift */,
				63021EE3292B89BF00B8AB26 /* Miso.storyboard */,
			);
			path = Miso;
			sourceTree = "<group>";
		};
		63021EF7292BCE4700B8AB26 /* SoftTofu */ = {
			isa = PBXGroup;
			children = (
				63021EF8292BCE6000B8AB26 /* SoftTofuTableViewCell.swift */,
				63021EFA292BCE7600B8AB26 /* SoftTofuViewController.swift */,
				63021EFC292BCE8100B8AB26 /* SoftTofu.storyboard */,
			);
			path = SoftTofu;
			sourceTree = "<group>";
		};
		63021EFE292C8CA600B8AB26 /* BeefSeaweed */ = {
			isa = PBXGroup;
			children = (
				63021F0D292C8DB600B8AB26 /* SeaweedTableViewCell.swift */,
				63021F13292C8FB700B8AB26 /* Seaweed.storyboard */,
				63021F15292C904900B8AB26 /* SeaweedViewController.swift */,
			);
			path = BeefSeaweed;
			sourceTree = "<group>";
		};
		63021EFF292C8CBC00B8AB26 /* BeanSprouts */ = {
			isa = PBXGroup;
			children = (
				63021F0F292C8E9400B8AB26 /* BeanSproutsTableViewCell.swift */,
				63021F05292C8D5C00B8AB26 /* BeanSproutsViewController.swift */,
				63021F0B292C8D9900B8AB26 /* BeanSprouts.storyboard */,
			);
			path = BeanSprouts;
			sourceTree = "<group>";
		};
		63021F1A292CB0F600B8AB26 /* MainView */ = {
			isa = PBXGroup;
			children = (
				63021EC82929E25300B8AB26 /* MainCollectionViewCell.swift */,
				63021ECA2929E27100B8AB26 /* MainViewController.swift */,
				63021EB92929DCFF00B8AB26 /* Main.storyboard */,
			);
			path = MainView;
			sourceTree = "<group>";
		};
/* End PBXGroup section */

/* Begin PBXNativeTarget section */
		63021EAF2929DCFF00B8AB26 /* hemgRecipe */ = {
			isa = PBXNativeTarget;
			buildConfigurationList = 63021EC42929DD0100B8AB26 /* Build configuration list for PBXNativeTarget "hemgRecipe" */;
			buildPhases = (
				63021EAC2929DCFF00B8AB26 /* Sources */,
				63021EAD2929DCFF00B8AB26 /* Frameworks */,
				63021EAE2929DCFF00B8AB26 /* Resources */,
			);
			buildRules = (
			);
			dependencies = (
			);
			name = hemgRecipe;
			productName = hemgRecipe;
			productReference = 63021EB02929DCFF00B8AB26 /* hemgRecipe.app */;
			productType = "com.apple.product-type.application";
		};
/* End PBXNativeTarget section */

/* Begin PBXProject section */
		63021EA82929DCFF00B8AB26 /* Project object */ = {
			isa = PBXProject;
			attributes = {
				BuildIndependentTargetsInParallel = 1;
				LastSwiftUpdateCheck = 1400;
				LastUpgradeCheck = 1400;
				TargetAttributes = {
					63021EAF2929DCFF00B8AB26 = {
						CreatedOnToolsVersion = 14.0;
					};
				};
			};
			buildConfigurationList = 63021EAB2929DCFF00B8AB26 /* Build configuration list for PBXProject "hemgRecipe" */;
			compatibilityVersion = "Xcode 14.0";
			developmentRegion = en;
			hasScannedForEncodings = 0;
			knownRegions = (
				en,
				Base,
			);
			mainGroup = 63021EA72929DCFF00B8AB26;
			productRefGroup = 63021EB12929DCFF00B8AB26 /* Products */;
			projectDirPath = "";
			projectRoot = "";
			targets = (
				63021EAF2929DCFF00B8AB26 /* hemgRecipe */,
			);
		};
/* End PBXProject section */

/* Begin PBXResourcesBuildPhase section */
		63021EAE2929DCFF00B8AB26 /* Resources */ = {
			isa = PBXResourcesBuildPhase;
			buildActionMask = 2147483647;
			files = (
				63021EC02929DD0100B8AB26 /* LaunchScreen.storyboard in Resources */,
				63021ED0292A109B00B8AB26 /* Soup.storyboard in Resources */,
				63021EBD2929DD0100B8AB26 /* Assets.xcassets in Resources */,
				63021F14292C8FB700B8AB26 /* Seaweed.storyboard in Resources */,
				63021EE2292B889A00B8AB26 /* Kimchi.storyboard in Resources */,
				63021EFD292BCE8100B8AB26 /* SoftTofu.storyboard in Resources */,
				63021ED5292A120200B8AB26 /* Steamed.storyboard in Resources */,
				63021EE4292B89BF00B8AB26 /* Miso.storyboard in Resources */,
				63021EBB2929DCFF00B8AB26 /* Main.storyboard in Resources */,
				63021F0C292C8D9900B8AB26 /* BeanSprouts.storyboard in Resources */,
			);
			runOnlyForDeploymentPostprocessing = 0;
		};
/* End PBXResourcesBuildPhase section */

/* Begin PBXSourcesBuildPhase section */
		63021EAC2929DCFF00B8AB26 /* Sources */ = {
			isa = PBXSourcesBuildPhase;
			buildActionMask = 2147483647;
			files = (
				63021ED8292A156A00B8AB26 /* SoupTableViewCell.swift in Sources */,
				63021F10292C8E9400B8AB26 /* BeanSproutsTableViewCell.swift in Sources */,
				63021EFB292BCE7600B8AB26 /* SoftTofuViewController.swift in Sources */,
				63021EDD292A228C00B8AB26 /* KimchiStewViewController.swift in Sources */,
				63021EF6292BC7CD00B8AB26 /* MisoTableViewCell.swift in Sources */,
				63021ED3292A11F700B8AB26 /* SteamedViewController.swift in Sources */,
				63021EE7292BA41500B8AB26 /* FirstExplanationCell.swift in Sources */,
				63021F16292C904900B8AB26 /* SeaweedViewController.swift in Sources */,
				63021F18292CA7D200B8AB26 /* SteamedCollectionViewCell.swift in Sources */,
				63021EB42929DCFF00B8AB26 /* AppDelegate.swift in Sources */,
				63021F0E292C8DB600B8AB26 /* SeaweedTableViewCell.swift in Sources */,
				63021F06292C8D5C00B8AB26 /* BeanSproutsViewController.swift in Sources */,
				63021EB62929DCFF00B8AB26 /* SceneDelegate.swift in Sources */,
				63021EF9292BCE6000B8AB26 /* SoftTofuTableViewCell.swift in Sources */,
				63021EE0292B861300B8AB26 /* MisoStewViewController.swift in Sources */,
				63021ECE292A108700B8AB26 /* SoupViewController.swift in Sources */,
				63021EC92929E25300B8AB26 /* MainCollectionViewCell.swift in Sources */,
				63021ECB2929E27100B8AB26 /* MainViewController.swift in Sources */,
			);
			runOnlyForDeploymentPostprocessing = 0;
		};
/* End PBXSourcesBuildPhase section */

/* Begin PBXVariantGroup section */
		63021EB92929DCFF00B8AB26 /* Main.storyboard */ = {
			isa = PBXVariantGroup;
			children = (
				63021EBA2929DCFF00B8AB26 /* Base */,
			);
			name = Main.storyboard;
			sourceTree = "<group>";
		};
		63021EBE2929DD0100B8AB26 /* LaunchScreen.storyboard */ = {
			isa = PBXVariantGroup;
			children = (
				63021EBF2929DD0100B8AB26 /* Base */,
			);
			name = LaunchScreen.storyboard;
			sourceTree = "<group>";
		};
/* End PBXVariantGroup section */

/* Begin XCBuildConfiguration section */
		63021EC22929DD0100B8AB26 /* Debug */ = {
			isa = XCBuildConfiguration;
			buildSettings = {
				ALWAYS_SEARCH_USER_PATHS = NO;
				CLANG_ANALYZER_NONNULL = YES;
				CLANG_ANALYZER_NUMBER_OBJECT_CONVERSION = YES_AGGRESSIVE;
				CLANG_CXX_LANGUAGE_STANDARD = "gnu++20";
				CLANG_ENABLE_MODULES = YES;
				CLANG_ENABLE_OBJC_ARC = YES;
				CLANG_ENABLE_OBJC_WEAK = YES;
				CLANG_WARN_BLOCK_CAPTURE_AUTORELEASING = YES;
				CLANG_WARN_BOOL_CONVERSION = YES;
				CLANG_WARN_COMMA = YES;
				CLANG_WARN_CONSTANT_CONVERSION = YES;
				CLANG_WARN_DEPRECATED_OBJC_IMPLEMENTATIONS = YES;
				CLANG_WARN_DIRECT_OBJC_ISA_USAGE = YES_ERROR;
				CLANG_WARN_DOCUMENTATION_COMMENTS = YES;
				CLANG_WARN_EMPTY_BODY = YES;
				CLANG_WARN_ENUM_CONVERSION = YES;
				CLANG_WARN_INFINITE_RECURSION = YES;
				CLANG_WARN_INT_CONVERSION = YES;
				CLANG_WARN_NON_LITERAL_NULL_CONVERSION = YES;
				CLANG_WARN_OBJC_IMPLICIT_RETAIN_SELF = YES;
				CLANG_WARN_OBJC_LITERAL_CONVERSION = YES;
				CLANG_WARN_OBJC_ROOT_CLASS = YES_ERROR;
				CLANG_WARN_QUOTED_INCLUDE_IN_FRAMEWORK_HEADER = YES;
				CLANG_WARN_RANGE_LOOP_ANALYSIS = YES;
				CLANG_WARN_STRICT_PROTOTYPES = YES;
				CLANG_WARN_SUSPICIOUS_MOVE = YES;
				CLANG_WARN_UNGUARDED_AVAILABILITY = YES_AGGRESSIVE;
				CLANG_WARN_UNREACHABLE_CODE = YES;
				CLANG_WARN__DUPLICATE_METHOD_MATCH = YES;
				COPY_PHASE_STRIP = NO;
				DEBUG_INFORMATION_FORMAT = dwarf;
				ENABLE_STRICT_OBJC_MSGSEND = YES;
				ENABLE_TESTABILITY = YES;
				GCC_C_LANGUAGE_STANDARD = gnu11;
				GCC_DYNAMIC_NO_PIC = NO;
				GCC_NO_COMMON_BLOCKS = YES;
				GCC_OPTIMIZATION_LEVEL = 0;
				GCC_PREPROCESSOR_DEFINITIONS = (
					"DEBUG=1",
					"$(inherited)",
				);
				GCC_WARN_64_TO_32_BIT_CONVERSION = YES;
				GCC_WARN_ABOUT_RETURN_TYPE = YES_ERROR;
				GCC_WARN_UNDECLARED_SELECTOR = YES;
				GCC_WARN_UNINITIALIZED_AUTOS = YES_AGGRESSIVE;
				GCC_WARN_UNUSED_FUNCTION = YES;
				GCC_WARN_UNUSED_VARIABLE = YES;
				IPHONEOS_DEPLOYMENT_TARGET = 16.0;
				MTL_ENABLE_DEBUG_INFO = INCLUDE_SOURCE;
				MTL_FAST_MATH = YES;
				ONLY_ACTIVE_ARCH = YES;
				SDKROOT = iphoneos;
				SWIFT_ACTIVE_COMPILATION_CONDITIONS = DEBUG;
				SWIFT_OPTIMIZATION_LEVEL = "-Onone";
			};
			name = Debug;
		};
		63021EC32929DD0100B8AB26 /* Release */ = {
			isa = XCBuildConfiguration;
			buildSettings = {
				ALWAYS_SEARCH_USER_PATHS = NO;
				CLANG_ANALYZER_NONNULL = YES;
				CLANG_ANALYZER_NUMBER_OBJECT_CONVERSION = YES_AGGRESSIVE;
				CLANG_CXX_LANGUAGE_STANDARD = "gnu++20";
				CLANG_ENABLE_MODULES = YES;
				CLANG_ENABLE_OBJC_ARC = YES;
				CLANG_ENABLE_OBJC_WEAK = YES;
				CLANG_WARN_BLOCK_CAPTURE_AUTORELEASING = YES;
				CLANG_WARN_BOOL_CONVERSION = YES;
				CLANG_WARN_COMMA = YES;
				CLANG_WARN_CONSTANT_CONVERSION = YES;
				CLANG_WARN_DEPRECATED_OBJC_IMPLEMENTATIONS = YES;
				CLANG_WARN_DIRECT_OBJC_ISA_USAGE = YES_ERROR;
				CLANG_WARN_DOCUMENTATION_COMMENTS = YES;
				CLANG_WARN_EMPTY_BODY = YES;
				CLANG_WARN_ENUM_CONVERSION = YES;
				CLANG_WARN_INFINITE_RECURSION = YES;
				CLANG_WARN_INT_CONVERSION = YES;
				CLANG_WARN_NON_LITERAL_NULL_CONVERSION = YES;
				CLANG_WARN_OBJC_IMPLICIT_RETAIN_SELF = YES;
				CLANG_WARN_OBJC_LITERAL_CONVERSION = YES;
				CLANG_WARN_OBJC_ROOT_CLASS = YES_ERROR;
				CLANG_WARN_QUOTED_INCLUDE_IN_FRAMEWORK_HEADER = YES;
				CLANG_WARN_RANGE_LOOP_ANALYSIS = YES;
				CLANG_WARN_STRICT_PROTOTYPES = YES;
				CLANG_WARN_SUSPICIOUS_MOVE = YES;
				CLANG_WARN_UNGUARDED_AVAILABILITY = YES_AGGRESSIVE;
				CLANG_WARN_UNREACHABLE_CODE = YES;
				CLANG_WARN__DUPLICATE_METHOD_MATCH = YES;
				COPY_PHASE_STRIP = NO;
				DEBUG_INFORMATION_FORMAT = "dwarf-with-dsym";
				ENABLE_NS_ASSERTIONS = NO;
				ENABLE_STRICT_OBJC_MSGSEND = YES;
				GCC_C_LANGUAGE_STANDARD = gnu11;
				GCC_NO_COMMON_BLOCKS = YES;
				GCC_WARN_64_TO_32_BIT_CONVERSION = YES;
				GCC_WARN_ABOUT_RETURN_TYPE = YES_ERROR;
				GCC_WARN_UNDECLARED_SELECTOR = YES;
				GCC_WARN_UNINITIALIZED_AUTOS = YES_AGGRESSIVE;
				GCC_WARN_UNUSED_FUNCTION = YES;
				GCC_WARN_UNUSED_VARIABLE = YES;
				IPHONEOS_DEPLOYMENT_TARGET = 16.0;
				MTL_ENABLE_DEBUG_INFO = NO;
				MTL_FAST_MATH = YES;
				SDKROOT = iphoneos;
				SWIFT_COMPILATION_MODE = wholemodule;
				SWIFT_OPTIMIZATION_LEVEL = "-O";
				VALIDATE_PRODUCT = YES;
			};
			name = Release;
		};
		63021EC52929DD0100B8AB26 /* Debug */ = {
			isa = XCBuildConfiguration;
			buildSettings = {
				ASSETCATALOG_COMPILER_APPICON_NAME = AppIcon;
				ASSETCATALOG_COMPILER_GLOBAL_ACCENT_COLOR_NAME = AccentColor;
				CODE_SIGN_STYLE = Automatic;
				CURRENT_PROJECT_VERSION = 1;
				GENERATE_INFOPLIST_FILE = YES;
				INFOPLIST_FILE = hemgRecipe/Info.plist;
				INFOPLIST_KEY_UIApplicationSupportsIndirectInputEvents = YES;
				INFOPLIST_KEY_UILaunchStoryboardName = LaunchScreen;
				INFOPLIST_KEY_UIMainStoryboardFile = Main;
				INFOPLIST_KEY_UISupportedInterfaceOrientations_iPad = "UIInterfaceOrientationPortrait UIInterfaceOrientationPortraitUpsideDown UIInterfaceOrientationLandscapeLeft UIInterfaceOrientationLandscapeRight";
				INFOPLIST_KEY_UISupportedInterfaceOrientations_iPhone = "UIInterfaceOrientationPortrait UIInterfaceOrientationLandscapeLeft UIInterfaceOrientationLandscapeRight";
				IPHONEOS_DEPLOYMENT_TARGET = 15.0;
				LD_RUNPATH_SEARCH_PATHS = (
					"$(inherited)",
					"@executable_path/Frameworks",
				);
				MARKETING_VERSION = 1.0;
				PRODUCT_BUNDLE_IDENTIFIER = kr.co.hemg2.hemgRecipe;
				PRODUCT_NAME = "$(TARGET_NAME)";
				SWIFT_EMIT_LOC_STRINGS = YES;
				SWIFT_VERSION = 5.0;
				TARGETED_DEVICE_FAMILY = "1,2";
			};
			name = Debug;
		};
		63021EC62929DD0100B8AB26 /* Release */ = {
			isa = XCBuildConfiguration;
			buildSettings = {
				ASSETCATALOG_COMPILER_APPICON_NAME = AppIcon;
				ASSETCATALOG_COMPILER_GLOBAL_ACCENT_COLOR_NAME = AccentColor;
				CODE_SIGN_STYLE = Automatic;
				CURRENT_PROJECT_VERSION = 1;
				GENERATE_INFOPLIST_FILE = YES;
				INFOPLIST_FILE = hemgRecipe/Info.plist;
				INFOPLIST_KEY_UIApplicationSupportsIndirectInputEvents = YES;
				INFOPLIST_KEY_UILaunchStoryboardName = LaunchScreen;
				INFOPLIST_KEY_UIMainStoryboardFile = Main;
				INFOPLIST_KEY_UISupportedInterfaceOrientations_iPad = "UIInterfaceOrientationPortrait UIInterfaceOrientationPortraitUpsideDown UIInterfaceOrientationLandscapeLeft UIInterfaceOrientationLandscapeRight";
				INFOPLIST_KEY_UISupportedInterfaceOrientations_iPhone = "UIInterfaceOrientationPortrait UIInterfaceOrientationLandscapeLeft UIInterfaceOrientationLandscapeRight";
				IPHONEOS_DEPLOYMENT_TARGET = 15.0;
				LD_RUNPATH_SEARCH_PATHS = (
					"$(inherited)",
					"@executable_path/Frameworks",
				);
				MARKETING_VERSION = 1.0;
				PRODUCT_BUNDLE_IDENTIFIER = kr.co.hemg2.hemgRecipe;
				PRODUCT_NAME = "$(TARGET_NAME)";
				SWIFT_EMIT_LOC_STRINGS = YES;
				SWIFT_VERSION = 5.0;
				TARGETED_DEVICE_FAMILY = "1,2";
			};
			name = Release;
		};
/* End XCBuildConfiguration section */

/* Begin XCConfigurationList section */
		63021EAB2929DCFF00B8AB26 /* Build configuration list for PBXProject "hemgRecipe" */ = {
			isa = XCConfigurationList;
			buildConfigurations = (
				63021EC22929DD0100B8AB26 /* Debug */,
				63021EC32929DD0100B8AB26 /* Release */,
			);
			defaultConfigurationIsVisible = 0;
			defaultConfigurationName = Release;
		};
		63021EC42929DD0100B8AB26 /* Build configuration list for PBXNativeTarget "hemgRecipe" */ = {
			isa = XCConfigurationList;
			buildConfigurations = (
				63021EC52929DD0100B8AB26 /* Debug */,
				63021EC62929DD0100B8AB26 /* Release */,
			);
			defaultConfigurationIsVisible = 0;
			defaultConfigurationName = Release;
		};
/* End XCConfigurationList section */
	};
	rootObject = 63021EA82929DCFF00B8AB26 /* Project object */;
}
